
Microsoft Visual Studio Solution File, Format Version 12.00
# Visual Studio 15
VisualStudioVersion = 15.0.28307.421
MinimumVisualStudioVersion = 10.0.40219.1
Project("{FAE04EC0-301F-11D3-BF4B-00C04F79EFBC}") = "NCP_Timer", "NCP_Timer\NCP_Timer.csproj", "{615679B3-62B1-4A4D-B263-49352F8A7FAD}"
EndProject
Global
	GlobalSection(SolutionConfigurationPlatforms) = preSolution
		Debug|Any CPU = Debug|Any CPU
		Release|Any CPU = Release|Any CPU
	EndGlobalSection
	GlobalSection(ProjectConfigurationPlatforms) = postSolution
		{615679B3-62B1-4A4D-B263-49352F8A7FAD}.Debug|Any CPU.ActiveCfg = Debug|Any CPU
		{615679B3-62B1-4A4D-B263-49352F8A7FAD}.Debug|Any CPU.Build.0 = Debug|Any CPU
		{615679B3-62B1-4A4D-B263-49352F8A7FAD}.Release|Any CPU.ActiveCfg = Release|Any CPU
		{615679B3-62B1-4A4D-B263-49352F8A7FAD}.Release|Any CPU.Build.0 = Release|Any CPU
	EndGlobalSection
	GlobalSection(SolutionProperties) = preSolution
		HideSolutionNode = FALSE
	EndGlobalSection
	GlobalSection(ExtensibilityGlobals) = postSolution
		SolutionGuid = {EB8172D0-325E-4F14-A68B-BBAFE111A65F}
	EndGlobalSection
EndGlobal
